{
	"name": "meshbool",
	"lockfileVersion": 3,
	"requires": true,
	"packages": {
		"": {
			"name": "meshbool",
			"dependencies": {
				"@borger/plugin_sdk": "file:../../../borger/plugins/sdk/ts"
			}
		},
		"../../../borger/plugins/sdk/ts": {
			"name": "@borger/plugin_sdk"
		},
		"node_modules/@borger/plugin_sdk": {
			"resolved": "../../../borger/plugins/sdk/ts",
			"link": true
		}
	}
}
